
Microsoft Visual Studio Solution File, Format Version 12.00
# Visual Studio 15
VisualStudioVersion = 15.0.28307.960
MinimumVisualStudioVersion = 10.0.40219.1
Project("{8BC9CEB8-8B4A-11D0-8D11-00A0C91BC942}") = "xd", "xd\xd.vcxproj", "{586737B1-D74A-4C14-B009-F68F113452B0}"
EndProject
Global
	GlobalSection(SolutionConfigurationPlatforms) = preSolution
		Debug|x64 = Debug|x64
		Release|x64 = Release|x64
	EndGlobalSection
	GlobalSection(ProjectConfigurationPlatforms) = postSolution
		{586737B1-D74A-4C14-B009-F68F113452B0}.Debug|x64.ActiveCfg = Debug|x64
		{586737B1-D74A-4C14-B009-F68F113452B0}.Debug|x64.Build.0 = Debug|x64
		{586737B1-D74A-4C14-B009-F68F113452B0}.Release|x64.ActiveCfg = Release|x64
		{586737B1-D74A-4C14-B009-F68F113452B0}.Release|x64.Build.0 = Release|x64
	EndGlobalSection
	GlobalSection(SolutionProperties) = preSolution
		HideSolutionNode = FALSE
	EndGlobalSection
	GlobalSection(ExtensibilityGlobals) = postSolution
		SolutionGuid = {421C458E-8990-49BA-933D-7E0DF61D9099}
	EndGlobalSection
EndGlobal
